# THIS IS AN AUTOGENERATED FILE. DO NOT EDIT THIS FILE DIRECTLY.
# yarn lockfile v1


"@esbuild/android-arm64@0.16.14":
  version "0.16.14"
  resolved "https://registry.yarnpkg.com/@esbuild/android-arm64/-/android-arm64-0.16.14.tgz#f02c9f0d43086ddf6ed2795b881ddf7990f74456"
  integrity sha512-hTqB6Iq13pW4xaydeqQrs8vPntUnMjbkq+PgGiBMi69eYk74naG2ftHWqKnxn874kNrt5Or3rQ0PJutx2doJuQ==

"@esbuild/android-arm@0.16.14":
  version "0.16.14"
  resolved "https://registry.yarnpkg.com/@esbuild/android-arm/-/android-arm-0.16.14.tgz#24e4faf569d0d6bbf9ed46f6ed395d68eb7f04fc"
  integrity sha512-u0rITLxFIeYAvtJXBQNhNuV4YZe+MD1YvIWT7Nicj8hZAtRVZk2PgNH6KclcKDVHz1ChLKXRfX7d7tkbQBUfrg==

"@esbuild/android-x64@0.16.14":
  version "0.16.14"
  resolved "https://registry.yarnpkg.com/@esbuild/android-x64/-/android-x64-0.16.14.tgz#1173e706cf57c0d4dbf069d18e5d50ae6a5b0871"
  integrity sha512-jir51K4J0K5Rt0KOcippjSNdOl7akKDVz5I6yrqdk4/m9y+rldGptQUF7qU4YpX8U61LtR+w2Tu2Ph+K/UaJOw==

"@esbuild/darwin-arm64@0.16.14":
  version "0.16.14"
  resolved "https://registry.yarnpkg.com/@esbuild/darwin-arm64/-/darwin-arm64-0.16.14.tgz#67f05693c5b097bcb4ff656ba5839459f30f79c2"
  integrity sha512-vrlaP81IuwPaw1fyX8fHCmivP3Gr73ojVEZy+oWJLAiZVcG8o8Phwun/XDnYIFUHxIoUnMFEpg9o38MIvlw8zw==

"@esbuild/darwin-x64@0.16.14":
  version "0.16.14"
  resolved "https://registry.yarnpkg.com/@esbuild/darwin-x64/-/darwin-x64-0.16.14.tgz#519c9d127c5363d4a1e73b9d954460f798b41d2a"
  integrity sha512-KV1E01eC2hGYA2qzFDRCK4wdZCRUvMwCNcobgpiiOzp5QXpJBqFPdxI69j8vvzuU7oxFXDgANwEkXvpeQqyOyg==

"@esbuild/freebsd-arm64@0.16.14":
  version "0.16.14"
  resolved "https://registry.yarnpkg.com/@esbuild/freebsd-arm64/-/freebsd-arm64-0.16.14.tgz#2e3f5de2951a8ec732a3e4ec4f5d47a7c9626001"
  integrity sha512-xRM1RQsazSvL42BNa5XC7ytD4ZDp0ZyJcH7aB0SlYUcHexJUKiDNKR7dlRVlpt6W0DvoRPU2nWK/9/QWS4u2fw==

"@esbuild/freebsd-x64@0.16.14":
  version "0.16.14"
  resolved "https://registry.yarnpkg.com/@esbuild/freebsd-x64/-/freebsd-x64-0.16.14.tgz#d3cf84ff28357ac8d0123309bac37fcfcdd98f53"
  integrity sha512-7ALTAn6YRRf1O6fw9jmn0rWmOx3XfwDo7njGtjy1LXhDGUjTY/vohEPM3ii5MQ411vJv1r498EEx2aBQTJcrEw==

"@esbuild/linux-arm64@0.16.14":
  version "0.16.14"
  resolved "https://registry.yarnpkg.com/@esbuild/linux-arm64/-/linux-arm64-0.16.14.tgz#f44b0e3d5d470cd763a9bc4855a12b8cb73d6c12"
  integrity sha512-TLh2OcbBUQcMYRH4GbiDkDZfZ4t1A3GgmeXY27dHSI6xrU7IkO00MGBiJySmEV6sH3Wa6pAN6UtaVL0DwkGW4Q==

"@esbuild/linux-arm@0.16.14":
  version "0.16.14"
  resolved "https://registry.yarnpkg.com/@esbuild/linux-arm/-/linux-arm-0.16.14.tgz#b239eb7e6cb7df9c34c6b08f4adf113da47e0e09"
  integrity sha512-X6xULug66ulrr4IzrW7qq+eq9n4MtEyagdWvj4o4cmWr+JXOT47atjpDF9j5M2zHY0UQBmqnHhwl+tXpkpIb2w==

"@esbuild/linux-ia32@0.16.14":
  version "0.16.14"
  resolved "https://registry.yarnpkg.com/@esbuild/linux-ia32/-/linux-ia32-0.16.14.tgz#f5f7886027cd61bed59178e981a0ef47ca5b72ef"
  integrity sha512-oBZkcZ56UZDFCAfE3Fd/Jgy10EoS7Td77NzNGenM+HSY8BkdQAcI9VF9qgwdOLZ+tuftWD7UqZ26SAhtvA3XhA==

"@esbuild/linux-loong64@0.16.14":
  version "0.16.14"
  resolved "https://registry.yarnpkg.com/@esbuild/linux-loong64/-/linux-loong64-0.16.14.tgz#d2329371726f9778156c89ea0bed26fc1bc3cd7e"
  integrity sha512-udz/aEHTcuHP+xdWOJmZ5C9RQXHfZd/EhCnTi1Hfay37zH3lBxn/fNs85LA9HlsniFw2zccgcbrrTMKk7Cn1Qg==

"@esbuild/linux-mips64el@0.16.14":
  version "0.16.14"
  resolved "https://registry.yarnpkg.com/@esbuild/linux-mips64el/-/linux-mips64el-0.16.14.tgz#8af86bdc6ee937c8a2803b3c197b28824f48df8e"
  integrity sha512-kJ2iEnikUOdC1SiTGbH0fJUgpZwa0ITDTvj9EHf9lm3I0hZ4Yugsb3M6XSl696jVxrEocLe519/8CbSpQWFSrg==

"@esbuild/linux-ppc64@0.16.14":
  version "0.16.14"
  resolved "https://registry.yarnpkg.com/@esbuild/linux-ppc64/-/linux-ppc64-0.16.14.tgz#3fa3f8c6c9db3127f2ec5b2eba1cec67ff9a9b8e"
  integrity sha512-kclKxvZvX5YhykwlJ/K9ljiY4THe5vXubXpWmr7q3Zu3WxKnUe1VOZmhkEZlqtnJx31GHPEV4SIG95IqTdfgfg==

"@esbuild/linux-riscv64@0.16.14":
  version "0.16.14"
  resolved "https://registry.yarnpkg.com/@esbuild/linux-riscv64/-/linux-riscv64-0.16.14.tgz#1bd1b631de2533106a08876295bad3a19b20f629"
  integrity sha512-fdwP9Dc+Kx/cZwp9T9kNqjAE/PQjfrxbio4rZ3XnC3cVvZBjuxpkiyu/tuCwt6SbAK5th6AYNjFdEV9kGC020A==

"@esbuild/linux-s390x@0.16.14":
  version "0.16.14"
  resolved "https://registry.yarnpkg.com/@esbuild/linux-s390x/-/linux-s390x-0.16.14.tgz#c87440b6522b9a36a9cafd05b0f1ca3c5bad4cca"
  integrity sha512-++fw3P4fQk9nqvdzbANRqimKspL8pDCnSpXomyhV7V/ISha/BZIYvZwLBWVKp9CVWKwWPJ4ktsezuLIvlJRHqA==

"@esbuild/linux-x64@0.16.14":
  version "0.16.14"
  resolved "https://registry.yarnpkg.com/@esbuild/linux-x64/-/linux-x64-0.16.14.tgz#49cd974dad6042ac0141ba332df6307c44e77fed"
  integrity sha512-TomtswAuzBf2NnddlrS4W01Tv85RM9YtATB3OugY6On0PLM4Ksz5qvQKVAjtzPKoLgL1FiZtfc8mkZc4IgoMEA==

"@esbuild/netbsd-x64@0.16.14":
  version "0.16.14"
  resolved "https://registry.yarnpkg.com/@esbuild/netbsd-x64/-/netbsd-x64-0.16.14.tgz#53dcfb5131376feff0911adff7f01b4821706cf6"
  integrity sha512-U06pfx8P5CqyoPNfqIJmnf+5/r4mJ1S62G4zE6eOjS59naQcxi6GnscUCPH3b+hRG0qdKoGX49RAyiqW+M9aSw==

"@esbuild/openbsd-x64@0.16.14":
  version "0.16.14"
  resolved "https://registry.yarnpkg.com/@esbuild/openbsd-x64/-/openbsd-x64-0.16.14.tgz#f36888f73087bcd12c5bf9a4b18e348da9c80ad0"
  integrity sha512-/Jl8XVaWEZNu9rZw+n792GIBupQwHo6GDoapHSb/2xp/Ku28eK6QpR2O9cPBkzHH4OOoMH0LB6zg/qczJ5TTGg==

"@esbuild/sunos-x64@0.16.14":
  version "0.16.14"
  resolved "https://registry.yarnpkg.com/@esbuild/sunos-x64/-/sunos-x64-0.16.14.tgz#41e046bb0849ae59702a5cfa8be300431a61ee3a"
  integrity sha512-2iI7D34uTbDn/TaSiUbEHz+fUa8KbN90vX5yYqo12QGpu6T8Jl+kxODsWuMCwoTVlqUpwfPV22nBbFPME9OPtw==

"@esbuild/win32-arm64@0.16.14":
  version "0.16.14"
  resolved "https://registry.yarnpkg.com/@esbuild/win32-arm64/-/win32-arm64-0.16.14.tgz#d6ed78742a6edd413e75796882ddaef8c1e23b93"
  integrity sha512-SjlM7AHmQVTiGBJE/nqauY1aDh80UBsXZ94g4g60CDkrDMseatiqALVcIuElg4ZSYzJs8hsg5W6zS2zLpZTVgg==

"@esbuild/win32-ia32@0.16.14":
  version "0.16.14"
  resolved "https://registry.yarnpkg.com/@esbuild/win32-ia32/-/win32-ia32-0.16.14.tgz#558bd53859a83fe887d7d2dcdc6cb3fc9aa9a9bc"
  integrity sha512-z06t5zqk8ak0Xom5HG81z2iOQ1hNWYsFQp3sczVLVx+dctWdgl80tNRyTbwjaFfui2vFO12dfE3trCTvA+HO4g==

"@esbuild/win32-x64@0.16.14":
  version "0.16.14"
  resolved "https://registry.yarnpkg.com/@esbuild/win32-x64/-/win32-x64-0.16.14.tgz#90558dcb279989d92a42e5be4dfb884b2399361f"
  integrity sha512-ED1UpWcM6lAbalbbQ9TrGqJh4Y9TaASUvu8bI/0mgJcxhSByJ6rbpgqRhxYMaQ682WfA71nxUreaTO7L275zrw==

"@types/node@^18.6.5":
  version "18.11.18"
  resolved "https://registry.yarnpkg.com/@types/node/-/node-18.11.18.tgz#8dfb97f0da23c2293e554c5a50d61ef134d7697f"
  integrity sha512-DHQpWGjyQKSHj3ebjFI/wRKcqQcdR+MoFBygntYOZytCqNfkd2ZC4ARDJ2DQqhjH5p85Nnd3jhUJIXrszFX/JA==

"@types/path-browserify@^1.0.0":
  version "1.0.0"
  resolved "https://registry.yarnpkg.com/@types/path-browserify/-/path-browserify-1.0.0.tgz#294ec6e88b6b0d340a3897b7120e5b393f16690e"
  integrity sha512-XMCcyhSvxcch8b7rZAtFAaierBYdeHXVvg2iYnxOV0MCQHmPuRRmGZPFDRzPayxcGiiSL1Te9UIO+f3cuj0tfw==

"@wasmer/wasi@^1.1.0":
  version "1.2.2"
  resolved "https://registry.yarnpkg.com/@wasmer/wasi/-/wasi-1.2.2.tgz#46689b568100ad3923fb1bee0205ccb01f9c5b80"
  integrity sha512-39ZB3gefOVhBmkhf7Ta79RRSV/emIV8LhdvcWhP/MOZEjMmtzoZWMzt7phdKj8CUXOze+AwbvGK60lKaKldn1w==

"@wasmer/wasmfs@^0.12.0":
  version "0.12.0"
  resolved "https://registry.yarnpkg.com/@wasmer/wasmfs/-/wasmfs-0.12.0.tgz#7f2ad51b42b87316fac5df0b93256d1b7e567c1b"
  integrity sha512-m1ftchyQ1DfSenm5XbbdGIpb6KJHH5z0gODo3IZr6lATkj4WXfX/UeBTZ0aG9YVShBp+kHLdUHvOkqjy6p/GWw==
  dependencies:
    memfs "3.0.4"
    pako "^1.0.11"
    tar-stream "^2.1.0"

base64-js@^1.3.1:
  version "1.5.1"
  resolved "https://registry.yarnpkg.com/base64-js/-/base64-js-1.5.1.tgz#1b1b440160a5bf7ad40b650f095963481903930a"
  integrity sha512-AKpaYlHn8t4SVbOHCy+b5+KKgvR4vrsD8vbvrbiQJps7fKDTkjkDry6ji0rUJjC0kzbNePLwzxq8iypo41qeWA==

bl@^4.0.3:
  version "4.1.0"
  resolved "https://registry.yarnpkg.com/bl/-/bl-4.1.0.tgz#451535264182bec2fbbc83a62ab98cf11d9f7b3a"
  integrity sha512-1W07cM9gS6DcLperZfFSj+bWLtaPGSOHWhPiGzXmvVJbRLdG82sH/Kn8EtW1VqWVA54AKf2h5k5BbnIbwF3h6w==
  dependencies:
    buffer "^5.5.0"
    inherits "^2.0.4"
    readable-stream "^3.4.0"

buffer@^5.5.0:
  version "5.7.1"
  resolved "https://registry.yarnpkg.com/buffer/-/buffer-5.7.1.tgz#ba62e7c13133053582197160851a8f648e99eed0"
  integrity sha512-EHcyIPBQ4BSGlvjB16k5KgAJ27CIsHY/2JBmCRReo48y9rQ3MaUzWX3KVlBa4U7MyX02HdVj0K7C3WaB3ju7FQ==
  dependencies:
    base64-js "^1.3.1"
    ieee754 "^1.1.13"

end-of-stream@^1.4.1:
  version "1.4.4"
  resolved "https://registry.yarnpkg.com/end-of-stream/-/end-of-stream-1.4.4.tgz#5ae64a5f45057baf3626ec14da0ca5e4b2431eb0"
  integrity sha512-+uw1inIHVPQoaVuHzRyXd21icM+cnt4CzD5rW+NC1wjOUSTOs+Te7FOv7AhN7vS9x/oIyhLP5PR1H+phQAHu5Q==
  dependencies:
    once "^1.4.0"

esbuild@^0.16.1:
  version "0.16.14"
  resolved "https://registry.yarnpkg.com/esbuild/-/esbuild-0.16.14.tgz#366249a0a0fd431d3ab706195721ef1014198919"
  integrity sha512-6xAn3O6ZZyoxZAEkwfI9hw4cEqSr/o1ViJtnkvImVkblmUN65Md04o0S/7H1WNu1XGf1Cjij/on7VO4psIYjkw==
  optionalDependencies:
    "@esbuild/android-arm" "0.16.14"
    "@esbuild/android-arm64" "0.16.14"
    "@esbuild/android-x64" "0.16.14"
    "@esbuild/darwin-arm64" "0.16.14"
    "@esbuild/darwin-x64" "0.16.14"
    "@esbuild/freebsd-arm64" "0.16.14"
    "@esbuild/freebsd-x64" "0.16.14"
    "@esbuild/linux-arm" "0.16.14"
    "@esbuild/linux-arm64" "0.16.14"
    "@esbuild/linux-ia32" "0.16.14"
    "@esbuild/linux-loong64" "0.16.14"
    "@esbuild/linux-mips64el" "0.16.14"
    "@esbuild/linux-ppc64" "0.16.14"
    "@esbuild/linux-riscv64" "0.16.14"
    "@esbuild/linux-s390x" "0.16.14"
    "@esbuild/linux-x64" "0.16.14"
    "@esbuild/netbsd-x64" "0.16.14"
    "@esbuild/openbsd-x64" "0.16.14"
    "@esbuild/sunos-x64" "0.16.14"
    "@esbuild/win32-arm64" "0.16.14"
    "@esbuild/win32-ia32" "0.16.14"
    "@esbuild/win32-x64" "0.16.14"

fast-extend@1.0.2:
  version "1.0.2"
  resolved "https://registry.yarnpkg.com/fast-extend/-/fast-extend-1.0.2.tgz#3b8a5b09cbc8ff3d6d47eaf397398c0a643e441b"
  integrity sha512-XXA9RmlPatkFKUzqVZAFth18R4Wo+Xug/S+C7YlYA3xrXwfPlW3dqNwOb4hvQo7wZJ2cNDYhrYuPzVOfHy5/uQ==

fs-constants@^1.0.0:
  version "1.0.0"
  resolved "https://registry.yarnpkg.com/fs-constants/-/fs-constants-1.0.0.tgz#6be0de9be998ce16af8afc24497b9ee9b7ccd9ad"
  integrity sha512-y6OAwoSIf7FyjMIv94u+b5rdheZEjzR63GTyZJm5qh4Bi+2YgwLCcI/fPFZkL5PSixOt6ZNKm+w+Hfp/Bciwow==

fs-monkey@0.3.3:
  version "0.3.3"
  resolved "https://registry.yarnpkg.com/fs-monkey/-/fs-monkey-0.3.3.tgz#7960bb2b1fa2653731b9d0e2e84812a7e8b3664a"
  integrity sha512-FNUvuTAJ3CqCQb5ELn+qCbGR/Zllhf2HtwsdAtBi59s1WeCjKMT81fHcSu7dwIskqGVK+MmOrb7VOBlq3/SItw==

ieee754@^1.1.13:
  version "1.2.1"
  resolved "https://registry.yarnpkg.com/ieee754/-/ieee754-1.2.1.tgz#8eb7a10a63fff25d15a57b001586d177d1b0d352"
  integrity sha512-dcyqhDvX1C46lXZcVqCpK+FtMRQVdIMN6/Df5js2zouUsqG7I6sFxitIC+7KYK29KdXOLHdu9zL4sFnoVQnqaA==

inherits@^2.0.3, inherits@^2.0.4:
  version "2.0.4"
  resolved "https://registry.yarnpkg.com/inherits/-/inherits-2.0.4.tgz#0fa2c64f932917c3433a0ded55363aae37416b7c"
  integrity sha512-k/vGaX4/Yla3WzyMCvTQOXYeIHvqOKtnqBduzTHpzpQZzAskKMhZ2K+EnBiSM9zGSoIFeMpXKxa4dYeZIQqewQ==

memfs@3.0.4:
  version "3.0.4"
  resolved "https://registry.yarnpkg.com/memfs/-/memfs-3.0.4.tgz#17997ec34d67d0a4756f6a34f2fefd13a8dbab08"
  integrity sha512-OcZEzwX9E5AoY8SXjuAvw0DbIAYwUzV/I236I8Pqvrlv7sL/Y0E9aRCon05DhaV8pg1b32uxj76RgW0s5xjHBA==
  dependencies:
    fast-extend "1.0.2"
    fs-monkey "0.3.3"

once@^1.4.0:
  version "1.4.0"
  resolved "https://registry.yarnpkg.com/once/-/once-1.4.0.tgz#583b1aa775961d4b113ac17d9c50baef9dd76bd1"
  integrity sha512-lNaJgI+2Q5URQBkccEKHTQOPaXdUxnZZElQTZY0MFUAuaEqe1E+Nyvgdz/aIyNi6Z9MzO5dv1H8n58/GELp3+w==
  dependencies:
    wrappy "1"

pako@^1.0.11:
  version "1.0.11"
  resolved "https://registry.yarnpkg.com/pako/-/pako-1.0.11.tgz#6c9599d340d54dfd3946380252a35705a6b992bf"
  integrity sha512-4hLB8Py4zZce5s4yd9XzopqwVv/yGNhV1Bl8NTmCq1763HeK2+EwVTv+leGeL13Dnh2wfbqowVPXCIO0z4taYw==

path-browserify@^1.0.1:
  version "1.0.1"
  resolved "https://registry.yarnpkg.com/path-browserify/-/path-browserify-1.0.1.tgz#d98454a9c3753d5790860f16f68867b9e46be1fd"
  integrity sha512-b7uo2UCUOYZcnF/3ID0lulOJi/bafxa1xPe7ZPsammBSpjSWQkjNxlt635YGS2MiR9GjvuXCtz2emr3jbsz98g==

randombytes@^2.0.5:
  version "2.1.0"
  resolved "https://registry.yarnpkg.com/randombytes/-/randombytes-2.1.0.tgz#df6f84372f0270dc65cdf6291349ab7a473d4f2a"
  integrity sha512-vYl3iOX+4CKUWuxGi9Ukhie6fsqXqS9FE2Zaic4tNFD2N2QQaXOMFbuKK4QmDHC0JO6B1Zp41J0LpT0oR68amQ==
  dependencies:
    safe-buffer "^5.1.0"

randomfill@^1.0.4:
  version "1.0.4"
  resolved "https://registry.yarnpkg.com/randomfill/-/randomfill-1.0.4.tgz#c92196fc86ab42be983f1bf31778224931d61458"
  integrity sha512-87lcbR8+MhcWcUiQ+9e+Rwx8MyR2P7qnt15ynUlbm3TU/fjbgz4GsvfSUDTemtCCtVCqb4ZcEFlyPNTh9bBTLw==
  dependencies:
    randombytes "^2.0.5"
    safe-buffer "^5.1.0"

readable-stream@^3.1.1, readable-stream@^3.4.0:
  version "3.6.0"
  resolved "https://registry.yarnpkg.com/readable-stream/-/readable-stream-3.6.0.tgz#337bbda3adc0706bd3e024426a286d4b4b2c9198"
  integrity sha512-BViHy7LKeTz4oNnkcLJ+lVSL6vpiFeX6/d3oSH8zCW7UxP2onchk+vTGB143xuFjHS3deTgkKoXXymXqymiIdA==
  dependencies:
    inherits "^2.0.3"
    string_decoder "^1.1.1"
    util-deprecate "^1.0.1"

ruby-head-wasm-wasi@^0.5.0:
  version "0.5.0"
  resolved "https://registry.yarnpkg.com/ruby-head-wasm-wasi/-/ruby-head-wasm-wasi-0.5.0.tgz#25fd836007c50d4a5b3f6bec7e4e8c8544859e0d"
  integrity sha512-JAqobSBDwGmDcO3yJE0qOBlxsFtTKKTJuRE1GfyOkuclftf5By3NkoeXe2XmrjKpDt0N8BwhI27vobNKyAgyHg==

safe-buffer@^5.1.0, safe-buffer@~5.2.0:
  version "5.2.1"
  resolved "https://registry.yarnpkg.com/safe-buffer/-/safe-buffer-5.2.1.tgz#1eaf9fa9bdb1fdd4ec75f58f9cdb4e6b7827eec6"
  integrity sha512-rp3So07KcdmmKbGvgaNxQSJr7bGVSVk5S9Eq1F+ppbRo70+YeaDxkw5Dd8NPN+GD6bjnYm2VuPuCXmpuYvmCXQ==

string_decoder@^1.1.1:
  version "1.3.0"
  resolved "https://registry.yarnpkg.com/string_decoder/-/string_decoder-1.3.0.tgz#42f114594a46cf1a8e30b0a84f56c78c3edac21e"
  integrity sha512-hkRX8U1WjJFd8LsDJ2yQ/wWWxaopEsABU1XfkM8A+j0+85JAGppt16cr1Whg6KIbb4okU6Mql6BOj+uup/wKeA==
  dependencies:
    safe-buffer "~5.2.0"

tar-stream@^2.1.0:
  version "2.2.0"
  resolved "https://registry.yarnpkg.com/tar-stream/-/tar-stream-2.2.0.tgz#acad84c284136b060dc3faa64474aa9aebd77287"
  integrity sha512-ujeqbceABgwMZxEJnk2HDY2DlnUZ+9oEcb1KzTVfYHio0UE6dG71n60d8D2I4qNvleWrrXpmjpt7vZeF1LnMZQ==
  dependencies:
    bl "^4.0.3"
    end-of-stream "^1.4.1"
    fs-constants "^1.0.0"
    inherits "^2.0.3"
    readable-stream "^3.1.1"

typescript@^4.7.4:
  version "4.9.4"
  resolved "https://registry.yarnpkg.com/typescript/-/typescript-4.9.4.tgz#a2a3d2756c079abda241d75f149df9d561091e78"
  integrity sha512-Uz+dTXYzxXXbsFpM86Wh3dKCxrQqUcVMxwU54orwlJjOpO3ao8L7j5lH+dWfTwgCwIuM9GQ2kvVotzYJMXTBZg==

util-deprecate@^1.0.1:
  version "1.0.2"
  resolved "https://registry.yarnpkg.com/util-deprecate/-/util-deprecate-1.0.2.tgz#450d4dc9fa70de732762fbd2d4a28981419a0ccf"
  integrity sha512-EPD5q1uXyFxJpCrLnCc1nHnq3gOa6DZBocAIiI2TaSCA7VCJ1UJDMagCzIkXNsUYfD1daK//LTEQ8xiIbrHtcw==

wrappy@1:
  version "1.0.2"
  resolved "https://registry.yarnpkg.com/wrappy/-/wrappy-1.0.2.tgz#b5243d8f3ec1aa35f1364605bc0d1036e30ab69f"
  integrity sha512-l4Sp/DRseor9wL6EvV2+TuQn63dMkPjZ/sp9XkghTEbV9KlPS1xUsZ3u7/IQO4wxtcFB4bgpQPRcR3QCvezPcQ==
